
Microsoft Visual Studio Solution File, Format Version 12.00
# Visual Studio Version 17
VisualStudioVersion = 17.13.36105.23
MinimumVisualStudioVersion = 10.0.40219.1
Project("{FAE04EC0-301F-11D3-BF4B-00C04F79EFBC}") = "AvicennaDispensing", "AvicennaDispensing.csproj", "{89CF832C-F905-4F83-AD79-2D69ED87CF84}"
EndProject
Global
	GlobalSection(SolutionConfigurationPlatforms) = preSolution
		Debug|Any CPU = Debug|Any CPU
		Release|Any CPU = Release|Any CPU
	EndGlobalSection
	GlobalSection(ProjectConfigurationPlatforms) = postSolution
		{89CF832C-F905-4F83-AD79-2D69ED87CF84}.Debug|Any CPU.ActiveCfg = Debug|Any CPU
		{89CF832C-F905-4F83-AD79-2D69ED87CF84}.Debug|Any CPU.Build.0 = Debug|Any CPU
		{89CF832C-F905-4F83-AD79-2D69ED87CF84}.Release|Any CPU.ActiveCfg = Release|Any CPU
		{89CF832C-F905-4F83-AD79-2D69ED87CF84}.Release|Any CPU.Build.0 = Release|Any CPU
	EndGlobalSection
	GlobalSection(SolutionProperties) = preSolution
		HideSolutionNode = FALSE
	EndGlobalSection
	GlobalSection(ExtensibilityGlobals) = postSolution
		SolutionGuid = {22747534-92AE-435A-A025-8FAC9BFAC978}
	EndGlobalSection
EndGlobal
